
Microsoft Visual Studio Solution File, Format Version 12.00
# Visual Studio 15
Project("{FAE04EC0-301F-11D3-BF4B-00C04F79EFBC}") = "Assembly-CSharp", "Assembly-CSharp.csproj", "{B981137B-5F62-4334-286A-7412E9795FF6}"
EndProject
Global
	GlobalSection(SolutionConfigurationPlatforms) = preSolution
		Debug|Any CPU = Debug|Any CPU
		Release|Any CPU = Release|Any CPU
	EndGlobalSection
	GlobalSection(ProjectConfigurationPlatforms) = postSolution
		{B981137B-5F62-4334-286A-7412E9795FF6}.Debug|Any CPU.ActiveCfg = Debug|Any CPU
		{B981137B-5F62-4334-286A-7412E9795FF6}.Debug|Any CPU.Build.0 = Debug|Any CPU
		{B981137B-5F62-4334-286A-7412E9795FF6}.Release|Any CPU.ActiveCfg = Release|Any CPU
		{B981137B-5F62-4334-286A-7412E9795FF6}.Release|Any CPU.Build.0 = Release|Any CPU
	EndGlobalSection
	GlobalSection(SolutionProperties) = preSolution
		HideSolutionNode = FALSE
	EndGlobalSection
EndGlobal
